
Microsoft Visual Studio Solution File, Format Version 12.00
# Visual Studio 15
Project("{FAE04EC0-301F-11D3-BF4B-00C04F79EFBC}") = "Assembly-CSharp", "Assembly-CSharp.csproj", "{487730A2-4F1D-AE0A-C579-946D08456776}"
EndProject
Project("{FAE04EC0-301F-11D3-BF4B-00C04F79EFBC}") = "Assembly-CSharp-Editor-firstpass", "Assembly-CSharp-Editor-firstpass.csproj", "{AA11D897-6654-C85E-EDCE-E3A0D9305ACF}"
EndProject
Global
	GlobalSection(SolutionConfigurationPlatforms) = preSolution
		Debug|Any CPU = Debug|Any CPU
		Release|Any CPU = Release|Any CPU
	EndGlobalSection
	GlobalSection(ProjectConfigurationPlatforms) = postSolution
		{487730A2-4F1D-AE0A-C579-946D08456776}.Debug|Any CPU.ActiveCfg = Debug|Any CPU
		{487730A2-4F1D-AE0A-C579-946D08456776}.Debug|Any CPU.Build.0 = Debug|Any CPU
		{487730A2-4F1D-AE0A-C579-946D08456776}.Release|Any CPU.ActiveCfg = Release|Any CPU
		{487730A2-4F1D-AE0A-C579-946D08456776}.Release|Any CPU.Build.0 = Release|Any CPU
		{AA11D897-6654-C85E-EDCE-E3A0D9305ACF}.Debug|Any CPU.ActiveCfg = Debug|Any CPU
		{AA11D897-6654-C85E-EDCE-E3A0D9305ACF}.Debug|Any CPU.Build.0 = Debug|Any CPU
		{AA11D897-6654-C85E-EDCE-E3A0D9305ACF}.Release|Any CPU.ActiveCfg = Release|Any CPU
		{AA11D897-6654-C85E-EDCE-E3A0D9305ACF}.Release|Any CPU.Build.0 = Release|Any CPU
	EndGlobalSection
	GlobalSection(SolutionProperties) = preSolution
		HideSolutionNode = FALSE
	EndGlobalSection
EndGlobal
