
Microsoft Visual Studio Solution File, Format Version 12.00
# Visual Studio 15
Project("{FAE04EC0-301F-11D3-BF4B-00C04F79EFBC}") = "Assembly-CSharp", "Assembly-CSharp.csproj", "{E2D1EB25-172A-7546-5E20-0EA5CE1B02EF}"
EndProject
Project("{FAE04EC0-301F-11D3-BF4B-00C04F79EFBC}") = "Assembly-CSharp-Editor-firstpass", "Assembly-CSharp-Editor-firstpass.csproj", "{ACA41C12-E5C8-DC0F-1F3F-50EDB25ECCC7}"
EndProject
Global
	GlobalSection(SolutionConfigurationPlatforms) = preSolution
		Debug|Any CPU = Debug|Any CPU
		Release|Any CPU = Release|Any CPU
	EndGlobalSection
	GlobalSection(ProjectConfigurationPlatforms) = postSolution
		{E2D1EB25-172A-7546-5E20-0EA5CE1B02EF}.Debug|Any CPU.ActiveCfg = Debug|Any CPU
		{E2D1EB25-172A-7546-5E20-0EA5CE1B02EF}.Debug|Any CPU.Build.0 = Debug|Any CPU
		{E2D1EB25-172A-7546-5E20-0EA5CE1B02EF}.Release|Any CPU.ActiveCfg = Release|Any CPU
		{E2D1EB25-172A-7546-5E20-0EA5CE1B02EF}.Release|Any CPU.Build.0 = Release|Any CPU
		{ACA41C12-E5C8-DC0F-1F3F-50EDB25ECCC7}.Debug|Any CPU.ActiveCfg = Debug|Any CPU
		{ACA41C12-E5C8-DC0F-1F3F-50EDB25ECCC7}.Debug|Any CPU.Build.0 = Debug|Any CPU
		{ACA41C12-E5C8-DC0F-1F3F-50EDB25ECCC7}.Release|Any CPU.ActiveCfg = Release|Any CPU
		{ACA41C12-E5C8-DC0F-1F3F-50EDB25ECCC7}.Release|Any CPU.Build.0 = Release|Any CPU
	EndGlobalSection
	GlobalSection(SolutionProperties) = preSolution
		HideSolutionNode = FALSE
	EndGlobalSection
EndGlobal
